
Microsoft Visual Studio Solution File, Format Version 12.00
# Visual Studio Version 16
VisualStudioVersion = 16.0.28803.352
MinimumVisualStudioVersion = 10.0.40219.1
Project("{9A19103F-16F7-4668-BE54-9A1E7A4F7556}") = "Web", "Web\Web.csproj", "{73AA2CF7-B5C0-4BAC-9F1A-E5563FCE24E9}"
EndProject
Project("{2150E333-8FDC-42A3-9474-1A3956D46DE8}") = "tests", "tests", "{D3CCFB09-7C70-49EB-83C2-135D00202845}"
EndProject
Project("{9A19103F-16F7-4668-BE54-9A1E7A4F7556}") = "ApplicationCore.Tests", "ApplicationCore.Tests\ApplicationCore.Tests.csproj", "{0AD02368-A415-4EF9-BEE7-70BC68D8AE2A}"
EndProject
Project("{9A19103F-16F7-4668-BE54-9A1E7A4F7556}") = "Infrastructure.Tests", "Infrastructure.Tests\Infrastructure.Tests.csproj", "{98472D0B-9AF4-4944-B38F-DF9DC286C3A2}"
EndProject
Project("{2150E333-8FDC-42A3-9474-1A3956D46DE8}") = "src", "src", "{9149D893-EF94-4CCC-9613-BA6769114890}"
EndProject
Project("{9A19103F-16F7-4668-BE54-9A1E7A4F7556}") = "ApplicationCore", "ApplicationCore\ApplicationCore.csproj", "{7AE5B274-37E0-47B7-8798-B77591C6D24F}"
EndProject
Project("{9A19103F-16F7-4668-BE54-9A1E7A4F7556}") = "Infrastructure", "Infrastructure\Infrastructure.csproj", "{B0295751-1B1D-4260-826E-32AAB6D521B9}"
EndProject
Project("{2150E333-8FDC-42A3-9474-1A3956D46DE8}") = "database", "database", "{A8C2AAAD-32FE-40AB-B92F-6BB6552DA577}"
EndProject
Project("{00D1A9C2-B5F0-4AF3-8072-F6C62B433612}") = "ContactManagement", "DataBase\ContactManagement.sqlproj", "{3ABF10C0-01DB-4C9D-A0E6-5CBD43863E73}"
EndProject
Global
	GlobalSection(SolutionConfigurationPlatforms) = preSolution
		Debug|Any CPU = Debug|Any CPU
		Release|Any CPU = Release|Any CPU
	EndGlobalSection
	GlobalSection(ProjectConfigurationPlatforms) = postSolution
		{73AA2CF7-B5C0-4BAC-9F1A-E5563FCE24E9}.Debug|Any CPU.ActiveCfg = Debug|Any CPU
		{73AA2CF7-B5C0-4BAC-9F1A-E5563FCE24E9}.Debug|Any CPU.Build.0 = Debug|Any CPU
		{73AA2CF7-B5C0-4BAC-9F1A-E5563FCE24E9}.Release|Any CPU.ActiveCfg = Release|Any CPU
		{73AA2CF7-B5C0-4BAC-9F1A-E5563FCE24E9}.Release|Any CPU.Build.0 = Release|Any CPU
		{0AD02368-A415-4EF9-BEE7-70BC68D8AE2A}.Debug|Any CPU.ActiveCfg = Debug|Any CPU
		{0AD02368-A415-4EF9-BEE7-70BC68D8AE2A}.Release|Any CPU.ActiveCfg = Release|Any CPU
		{0AD02368-A415-4EF9-BEE7-70BC68D8AE2A}.Release|Any CPU.Build.0 = Release|Any CPU
		{98472D0B-9AF4-4944-B38F-DF9DC286C3A2}.Debug|Any CPU.ActiveCfg = Debug|Any CPU
		{98472D0B-9AF4-4944-B38F-DF9DC286C3A2}.Release|Any CPU.ActiveCfg = Release|Any CPU
		{98472D0B-9AF4-4944-B38F-DF9DC286C3A2}.Release|Any CPU.Build.0 = Release|Any CPU
		{7AE5B274-37E0-47B7-8798-B77591C6D24F}.Debug|Any CPU.ActiveCfg = Debug|Any CPU
		{7AE5B274-37E0-47B7-8798-B77591C6D24F}.Debug|Any CPU.Build.0 = Debug|Any CPU
		{7AE5B274-37E0-47B7-8798-B77591C6D24F}.Release|Any CPU.ActiveCfg = Release|Any CPU
		{7AE5B274-37E0-47B7-8798-B77591C6D24F}.Release|Any CPU.Build.0 = Release|Any CPU
		{B0295751-1B1D-4260-826E-32AAB6D521B9}.Debug|Any CPU.ActiveCfg = Debug|Any CPU
		{B0295751-1B1D-4260-826E-32AAB6D521B9}.Debug|Any CPU.Build.0 = Debug|Any CPU
		{B0295751-1B1D-4260-826E-32AAB6D521B9}.Release|Any CPU.ActiveCfg = Release|Any CPU
		{B0295751-1B1D-4260-826E-32AAB6D521B9}.Release|Any CPU.Build.0 = Release|Any CPU
		{3ABF10C0-01DB-4C9D-A0E6-5CBD43863E73}.Debug|Any CPU.ActiveCfg = Debug|Any CPU
		{3ABF10C0-01DB-4C9D-A0E6-5CBD43863E73}.Debug|Any CPU.Build.0 = Debug|Any CPU
		{3ABF10C0-01DB-4C9D-A0E6-5CBD43863E73}.Debug|Any CPU.Deploy.0 = Debug|Any CPU
		{3ABF10C0-01DB-4C9D-A0E6-5CBD43863E73}.Release|Any CPU.ActiveCfg = Release|Any CPU
		{3ABF10C0-01DB-4C9D-A0E6-5CBD43863E73}.Release|Any CPU.Build.0 = Release|Any CPU
		{3ABF10C0-01DB-4C9D-A0E6-5CBD43863E73}.Release|Any CPU.Deploy.0 = Release|Any CPU
	EndGlobalSection
	GlobalSection(SolutionProperties) = preSolution
		HideSolutionNode = FALSE
	EndGlobalSection
	GlobalSection(NestedProjects) = preSolution
		{73AA2CF7-B5C0-4BAC-9F1A-E5563FCE24E9} = {9149D893-EF94-4CCC-9613-BA6769114890}
		{0AD02368-A415-4EF9-BEE7-70BC68D8AE2A} = {D3CCFB09-7C70-49EB-83C2-135D00202845}
		{98472D0B-9AF4-4944-B38F-DF9DC286C3A2} = {D3CCFB09-7C70-49EB-83C2-135D00202845}
		{7AE5B274-37E0-47B7-8798-B77591C6D24F} = {9149D893-EF94-4CCC-9613-BA6769114890}
		{B0295751-1B1D-4260-826E-32AAB6D521B9} = {9149D893-EF94-4CCC-9613-BA6769114890}
		{3ABF10C0-01DB-4C9D-A0E6-5CBD43863E73} = {A8C2AAAD-32FE-40AB-B92F-6BB6552DA577}
	EndGlobalSection
	GlobalSection(ExtensibilityGlobals) = postSolution
		SolutionGuid = {853771C9-63B9-42DF-92B6-988C8399C82A}
	EndGlobalSection
EndGlobal
